<?xml version="1.0" encoding="utf-8"?>
<Project ToolsVersion="4.0" xmlns="http://schemas.microsoft.com/developer/msbuild/2003">
  <ItemGroup>
    <Filter Include="src">
      <UniqueIdentifier>{c95a1dee-bdaa-4f6c-a6b5-4988d9e4bbbd}</UniqueIdentifier>
    </Filter>
    <Filter Include="include">
      <UniqueIdentifier>{c9fc8ed9-0e5a-42c8-b103-4aff9bc1d51c}</UniqueIdentifier>
    </Filter>
  </ItemGroup>
  <ItemGroup>
    <ClCompile Include="src\pmx.c">
      <Filter>src</Filter>
    </ClCompile>
    <ClCompile Include="src\pmx_alloc.c" />
    <ClCompile Include="src\pmx_header.c" />
    <ClCompile Include="src\pmx_print.c" />
    <ClCompile Include="src\pmx_minfo.c" />
    <ClCompile Include="src\pmx_read.c" />
    <ClCompile Include="src\pmx_text.c" />
    <ClCompile Include="src\pmx_weight.c" />
    <ClCompile Include="src\pmx_vertex.c" />
  </ItemGroup>
  <ItemGroup>
    <ClInclude Include="include\pmx.h">
      <Filter>include</Filter>
    </ClInclude>
    <ClInclude Include="include\pmx_text.h" />
    <ClInclude Include="include\pmx_alloc.h" />
    <ClInclude Include="include\pmx_header.h" />
    <ClInclude Include="include\pmx_print.h" />
    <ClInclude Include="include\pmx_read.h" />
    <ClInclude Include="include\pmx_info.h" />
    <ClInclude Include="include\pmx_isize.h" />
    <ClInclude Include="include\pmx_minfo.h" />
    <ClInclude Include="include\pmx_vertex.h" />
    <ClInclude Include="include\pmx_weight.h" />
  </ItemGroup>
</Project>